
Microsoft Visual Studio Solution File, Format Version 12.00
# Visual Studio Version 17
VisualStudioVersion = 17.5.33516.290
MinimumVisualStudioVersion = 10.0.40219.1
Project("{9A19103F-16F7-4668-BE54-9A1E7A4F7556}") = "EvolvedTax", "EvolvedTax\EvolvedTax.csproj", "{7F310A12-A0E3-48EC-B36D-E9C5E4686E12}"
EndProject
Project("{9A19103F-16F7-4668-BE54-9A1E7A4F7556}") = "EvolvedTax.Data", "EvolvedTax.Data\EvolvedTax.Data.csproj", "{4D267E29-D204-4F3E-8A73-B725BBA1C0E2}"
EndProject
Project("{9A19103F-16F7-4668-BE54-9A1E7A4F7556}") = "EvolvedTax.Common", "EvolvedTax.Common\EvolvedTax.Common.csproj", "{F702516D-5240-4A95-A458-BBC4C4DFBCB8}"
EndProject
Project("{9A19103F-16F7-4668-BE54-9A1E7A4F7556}") = "EvolvedTax.Business", "EvolvedTax.Business\EvolvedTax.Business.csproj", "{9E36E395-5CF2-4899-8732-CAC47A0D605E}"
EndProject
Project("{9A19103F-16F7-4668-BE54-9A1E7A4F7556}") = "EvolvedTax_Institute", "EvolvedTax_Institute\EvolvedTax_Institute.csproj", "{C0A5BC0B-4962-4267-B469-AE72F0E08CD7}"
EndProject
Project("{9A19103F-16F7-4668-BE54-9A1E7A4F7556}") = "EvolvedTax_Admin", "EvolvedTax_Admin\EvolvedTax_Admin.csproj", "{CD737A46-2CC8-4BC8-AEAB-12315D5D84B4}"
EndProject
Project("{9A19103F-16F7-4668-BE54-9A1E7A4F7556}") = "EovelvedTax_Client", "EovelvedTax_Client\EovelvedTax_Client.csproj", "{D1282BBB-CE65-4282-BCC7-FFE392156FC3}"
EndProject
Project("{9A19103F-16F7-4668-BE54-9A1E7A4F7556}") = "EvoTax_1099", "EvoTax.1099\EvoTax_1099.csproj", "{235027A6-1512-41AC-AFB1-645CE2D3548D}"
EndProject
Project("{FAE04EC0-301F-11D3-BF4B-00C04F79EFBC}") = "EvoTax1099_Recipient", "EvoTax1099_Recipient\EvoTax1099_Recipient.csproj", "{38800916-E1A7-43C8-9D55-BBEC77F005C6}"
EndProject
Global
	GlobalSection(SolutionConfigurationPlatforms) = preSolution
		Debug|Any CPU = Debug|Any CPU
		Release|Any CPU = Release|Any CPU
	EndGlobalSection
	GlobalSection(ProjectConfigurationPlatforms) = postSolution
		{7F310A12-A0E3-48EC-B36D-E9C5E4686E12}.Debug|Any CPU.ActiveCfg = Debug|Any CPU
		{7F310A12-A0E3-48EC-B36D-E9C5E4686E12}.Debug|Any CPU.Build.0 = Debug|Any CPU
		{7F310A12-A0E3-48EC-B36D-E9C5E4686E12}.Release|Any CPU.ActiveCfg = Release|Any CPU
		{7F310A12-A0E3-48EC-B36D-E9C5E4686E12}.Release|Any CPU.Build.0 = Release|Any CPU
		{4D267E29-D204-4F3E-8A73-B725BBA1C0E2}.Debug|Any CPU.ActiveCfg = Debug|Any CPU
		{4D267E29-D204-4F3E-8A73-B725BBA1C0E2}.Debug|Any CPU.Build.0 = Debug|Any CPU
		{4D267E29-D204-4F3E-8A73-B725BBA1C0E2}.Release|Any CPU.ActiveCfg = Release|Any CPU
		{4D267E29-D204-4F3E-8A73-B725BBA1C0E2}.Release|Any CPU.Build.0 = Release|Any CPU
		{F702516D-5240-4A95-A458-BBC4C4DFBCB8}.Debug|Any CPU.ActiveCfg = Debug|Any CPU
		{F702516D-5240-4A95-A458-BBC4C4DFBCB8}.Debug|Any CPU.Build.0 = Debug|Any CPU
		{F702516D-5240-4A95-A458-BBC4C4DFBCB8}.Release|Any CPU.ActiveCfg = Release|Any CPU
		{F702516D-5240-4A95-A458-BBC4C4DFBCB8}.Release|Any CPU.Build.0 = Release|Any CPU
		{9E36E395-5CF2-4899-8732-CAC47A0D605E}.Debug|Any CPU.ActiveCfg = Debug|Any CPU
		{9E36E395-5CF2-4899-8732-CAC47A0D605E}.Debug|Any CPU.Build.0 = Debug|Any CPU
		{9E36E395-5CF2-4899-8732-CAC47A0D605E}.Release|Any CPU.ActiveCfg = Release|Any CPU
		{9E36E395-5CF2-4899-8732-CAC47A0D605E}.Release|Any CPU.Build.0 = Release|Any CPU
		{C0A5BC0B-4962-4267-B469-AE72F0E08CD7}.Debug|Any CPU.ActiveCfg = Debug|Any CPU
		{C0A5BC0B-4962-4267-B469-AE72F0E08CD7}.Debug|Any CPU.Build.0 = Debug|Any CPU
		{C0A5BC0B-4962-4267-B469-AE72F0E08CD7}.Release|Any CPU.ActiveCfg = Release|Any CPU
		{C0A5BC0B-4962-4267-B469-AE72F0E08CD7}.Release|Any CPU.Build.0 = Release|Any CPU
		{CD737A46-2CC8-4BC8-AEAB-12315D5D84B4}.Debug|Any CPU.ActiveCfg = Debug|Any CPU
		{CD737A46-2CC8-4BC8-AEAB-12315D5D84B4}.Debug|Any CPU.Build.0 = Debug|Any CPU
		{CD737A46-2CC8-4BC8-AEAB-12315D5D84B4}.Release|Any CPU.ActiveCfg = Release|Any CPU
		{CD737A46-2CC8-4BC8-AEAB-12315D5D84B4}.Release|Any CPU.Build.0 = Release|Any CPU
		{D1282BBB-CE65-4282-BCC7-FFE392156FC3}.Debug|Any CPU.ActiveCfg = Debug|Any CPU
		{D1282BBB-CE65-4282-BCC7-FFE392156FC3}.Debug|Any CPU.Build.0 = Debug|Any CPU
		{D1282BBB-CE65-4282-BCC7-FFE392156FC3}.Release|Any CPU.ActiveCfg = Release|Any CPU
		{D1282BBB-CE65-4282-BCC7-FFE392156FC3}.Release|Any CPU.Build.0 = Release|Any CPU
		{235027A6-1512-41AC-AFB1-645CE2D3548D}.Debug|Any CPU.ActiveCfg = Debug|Any CPU
		{235027A6-1512-41AC-AFB1-645CE2D3548D}.Debug|Any CPU.Build.0 = Debug|Any CPU
		{235027A6-1512-41AC-AFB1-645CE2D3548D}.Release|Any CPU.ActiveCfg = Release|Any CPU
		{235027A6-1512-41AC-AFB1-645CE2D3548D}.Release|Any CPU.Build.0 = Release|Any CPU
		{38800916-E1A7-43C8-9D55-BBEC77F005C6}.Debug|Any CPU.ActiveCfg = Debug|Any CPU
		{38800916-E1A7-43C8-9D55-BBEC77F005C6}.Debug|Any CPU.Build.0 = Debug|Any CPU
		{38800916-E1A7-43C8-9D55-BBEC77F005C6}.Release|Any CPU.ActiveCfg = Release|Any CPU
		{38800916-E1A7-43C8-9D55-BBEC77F005C6}.Release|Any CPU.Build.0 = Release|Any CPU
	EndGlobalSection
	GlobalSection(SolutionProperties) = preSolution
		HideSolutionNode = FALSE
	EndGlobalSection
	GlobalSection(ExtensibilityGlobals) = postSolution
		SolutionGuid = {2D8B7C4A-E977-45FC-B7DA-9975982A88F7}
	EndGlobalSection
EndGlobal
